// !$*UTF8*$!
{
	archiveVersion = 1;
	classes = {
	};
	objectVersion = 46;
	objects = {

/* Begin PBXBuildFile section */
		480C7C031C96BD970002831A /* AppDelegate.swift in Sources */ = {isa = PBXBuildFile; fileRef = 480C7C021C96BD970002831A /* AppDelegate.swift */; };
		480C7C051C96BD970002831A /* ViewController.swift in Sources */ = {isa = PBXBuildFile; fileRef = 480C7C041C96BD970002831A /* ViewController.swift */; };
		480C7C081C96BD970002831A /* Main.storyboard in Resources */ = {isa = PBXBuildFile; fileRef = 480C7C061C96BD970002831A /* Main.storyboard */; };
		480C7C0A1C96BD970002831A /* Assets.xcassets in Resources */ = {isa = PBXBuildFile; fileRef = 480C7C091C96BD970002831A /* Assets.xcassets */; };
		480C7C0D1C96BD970002831A /* LaunchScreen.storyboard in Resources */ = {isa = PBXBuildFile; fileRef = 480C7C0B1C96BD970002831A /* LaunchScreen.storyboard */; };
		482CF9B01C9959E500E7F226 /* MBIBDesignableExtension.swift in Sources */ = {isa = PBXBuildFile; fileRef = 482CF9A61C9959E500E7F226 /* MBIBDesignableExtension.swift */; };
		482CF9B21C9959E500E7F226 /* MLImagePickerController.bundle in Resources */ = {isa = PBXBuildFile; fileRef = 482CF9A81C9959E500E7F226 /* MLImagePickerController.bundle */; };
		482CF9B31C9959E500E7F226 /* MLImagePickerAssetsCell.swift in Sources */ = {isa = PBXBuildFile; fileRef = 482CF9AA1C9959E500E7F226 /* MLImagePickerAssetsCell.swift */; };
		482CF9B41C9959E500E7F226 /* MLImagePickerAssetsCell.xib in Resources */ = {isa = PBXBuildFile; fileRef = 482CF9AB1C9959E500E7F226 /* MLImagePickerAssetsCell.xib */; };
		482CF9B51C9959E500E7F226 /* MLImagePickerGroupCell.swift in Sources */ = {isa = PBXBuildFile; fileRef = 482CF9AC1C9959E500E7F226 /* MLImagePickerGroupCell.swift */; };
		482CF9B61C9959E500E7F226 /* MLImagePickerGroupCell.xib in Resources */ = {isa = PBXBuildFile; fileRef = 482CF9AD1C9959E500E7F226 /* MLImagePickerGroupCell.xib */; };
		482CF9B71C9959E500E7F226 /* MLImagePickerController.swift in Sources */ = {isa = PBXBuildFile; fileRef = 482CF9AF1C9959E500E7F226 /* MLImagePickerController.swift */; };
		48411AB01CA67C67003B8910 /* MLImagePickerQuickView.swift in Sources */ = {isa = PBXBuildFile; fileRef = 48411AAF1CA67C67003B8910 /* MLImagePickerQuickView.swift */; };
		48411AB91CA7AA87003B8910 /* ML+UIImageExtension.swift in Sources */ = {isa = PBXBuildFile; fileRef = 48411AB81CA7AA87003B8910 /* ML+UIImageExtension.swift */; };
		48411ABB1CA7AC0A003B8910 /* ML+UIViewExtension.swift in Sources */ = {isa = PBXBuildFile; fileRef = 48411ABA1CA7AC0A003B8910 /* ML+UIViewExtension.swift */; };
		48A5267C1CA51C1E00290AB7 /* MLImageBrowserViewController.swift in Sources */ = {isa = PBXBuildFile; fileRef = 48A5267B1CA51C1E00290AB7 /* MLImageBrowserViewController.swift */; };
		48DA98B11CA7B834005B9EAE /* MLImagePickerAssetsManger.swift in Sources */ = {isa = PBXBuildFile; fileRef = 48DA98B01CA7B834005B9EAE /* MLImagePickerAssetsManger.swift */; };
/* End PBXBuildFile section */

/* Begin PBXFileReference section */
		480C7BFF1C96BD970002831A /* MLImagePickerController.app */ = {isa = PBXFileReference; explicitFileType = wrapper.application; includeInIndex = 0; path = MLImagePickerController.app; sourceTree = BUILT_PRODUCTS_DIR; };
		480C7C021C96BD970002831A /* AppDelegate.swift */ = {isa = PBXFileReference; lastKnownFileType = sourcecode.swift; path = AppDelegate.swift; sourceTree = "<group>"; };
		480C7C041C96BD970002831A /* ViewController.swift */ = {isa = PBXFileReference; lastKnownFileType = sourcecode.swift; path = ViewController.swift; sourceTree = "<group>"; };
		480C7C071C96BD970002831A /* Base */ = {isa = PBXFileReference; lastKnownFileType = file.storyboard; name = Base; path = Base.lproj/Main.storyboard; sourceTree = "<group>"; };
		480C7C091C96BD970002831A /* Assets.xcassets */ = {isa = PBXFileReference; lastKnownFileType = folder.assetcatalog; path = Assets.xcassets; sourceTree = "<group>"; };
		480C7C0C1C96BD970002831A /* Base */ = {isa = PBXFileReference; lastKnownFileType = file.storyboard; name = Base; path = Base.lproj/LaunchScreen.storyboard; sourceTree = "<group>"; };
		480C7C0E1C96BD970002831A /* Info.plist */ = {isa = PBXFileReference; lastKnownFileType = text.plist.xml; path = Info.plist; sourceTree = "<group>"; };
		482CF9A61C9959E500E7F226 /* MBIBDesignableExtension.swift */ = {isa = PBXFileReference; fileEncoding = 4; lastKnownFileType = sourcecode.swift; path = MBIBDesignableExtension.swift; sourceTree = "<group>"; };
		482CF9A81C9959E500E7F226 /* MLImagePickerController.bundle */ = {isa = PBXFileReference; lastKnownFileType = "wrapper.plug-in"; path = MLImagePickerController.bundle; sourceTree = "<group>"; };
		482CF9AA1C9959E500E7F226 /* MLImagePickerAssetsCell.swift */ = {isa = PBXFileReference; fileEncoding = 4; lastKnownFileType = sourcecode.swift; path = MLImagePickerAssetsCell.swift; sourceTree = "<group>"; };
		482CF9AB1C9959E500E7F226 /* MLImagePickerAssetsCell.xib */ = {isa = PBXFileReference; fileEncoding = 4; lastKnownFileType = file.xib; path = MLImagePickerAssetsCell.xib; sourceTree = "<group>"; };
		482CF9AC1C9959E500E7F226 /* MLImagePickerGroupCell.swift */ = {isa = PBXFileReference; fileEncoding = 4; lastKnownFileType = sourcecode.swift; path = MLImagePickerGroupCell.swift; sourceTree = "<group>"; };
		482CF9AD1C9959E500E7F226 /* MLImagePickerGroupCell.xib */ = {isa = PBXFileReference; fileEncoding = 4; lastKnownFileType = file.xib; path = MLImagePickerGroupCell.xib; sourceTree = "<group>"; };
		482CF9AF1C9959E500E7F226 /* MLImagePickerController.swift */ = {isa = PBXFileReference; fileEncoding = 4; lastKnownFileType = sourcecode.swift; path = MLImagePickerController.swift; sourceTree = "<group>"; };
		48411AAF1CA67C67003B8910 /* MLImagePickerQuickView.swift */ = {isa = PBXFileReference; fileEncoding = 4; lastKnownFileType = sourcecode.swift; path = MLImagePickerQuickView.swift; sourceTree = "<group>"; };
		48411AB81CA7AA87003B8910 /* ML+UIImageExtension.swift */ = {isa = PBXFileReference; fileEncoding = 4; lastKnownFileType = sourcecode.swift; path = "ML+UIImageExtension.swift"; sourceTree = "<group>"; };
		48411ABA1CA7AC0A003B8910 /* ML+UIViewExtension.swift */ = {isa = PBXFileReference; fileEncoding = 4; lastKnownFileType = sourcecode.swift; path = "ML+UIViewExtension.swift"; sourceTree = "<group>"; };
		48A5267B1CA51C1E00290AB7 /* MLImageBrowserViewController.swift */ = {isa = PBXFileReference; fileEncoding = 4; lastKnownFileType = sourcecode.swift; name = MLImageBrowserViewController.swift; path = MLImagePickerController/MLImagePickerController/Classes/ViewController/MLImageBrowserViewController.swift; sourceTree = SOURCE_ROOT; };
		48DA98B01CA7B834005B9EAE /* MLImagePickerAssetsManger.swift */ = {isa = PBXFileReference; fileEncoding = 4; lastKnownFileType = sourcecode.swift; path = MLImagePickerAssetsManger.swift; sourceTree = "<group>"; };
/* End PBXFileReference section */

/* Begin PBXFrameworksBuildPhase section */
		480C7BFC1C96BD970002831A /* Frameworks */ = {
			isa = PBXFrameworksBuildPhase;
			buildActionMask = 2147483647;
			files = (
			);
			runOnlyForDeploymentPostprocessing = 0;
		};
/* End PBXFrameworksBuildPhase section */

/* Begin PBXGroup section */
		480C7BF61C96BD970002831A = {
			isa = PBXGroup;
			children = (
				480C7C011C96BD970002831A /* MLImagePickerController */,
				480C7C001C96BD970002831A /* Products */,
			);
			sourceTree = "<group>";
		};
		480C7C001C96BD970002831A /* Products */ = {
			isa = PBXGroup;
			children = (
				480C7BFF1C96BD970002831A /* MLImagePickerController.app */,
			);
			name = Products;
			sourceTree = "<group>";
		};
		480C7C011C96BD970002831A /* MLImagePickerController */ = {
			isa = PBXGroup;
			children = (
				482CF9A31C9959E400E7F226 /* MLImagePickerController */,
				480C7C021C96BD970002831A /* AppDelegate.swift */,
				480C7C041C96BD970002831A /* ViewController.swift */,
				480C7C061C96BD970002831A /* Main.storyboard */,
				480C7C091C96BD970002831A /* Assets.xcassets */,
				480C7C0B1C96BD970002831A /* LaunchScreen.storyboard */,
				480C7C0E1C96BD970002831A /* Info.plist */,
			);
			path = MLImagePickerController;
			sourceTree = "<group>";
		};
		482CF9A31C9959E400E7F226 /* MLImagePickerController */ = {
			isa = PBXGroup;
			children = (
				482CF9A41C9959E500E7F226 /* Classes */,
			);
			path = MLImagePickerController;
			sourceTree = "<group>";
		};
		482CF9A41C9959E500E7F226 /* Classes */ = {
			isa = PBXGroup;
			children = (
				48DA98AF1CA7B834005B9EAE /* Model */,
				482CF9A51C9959E500E7F226 /* Extension */,
				482CF9A81C9959E500E7F226 /* MLImagePickerController.bundle */,
				482CF9A91C9959E500E7F226 /* View */,
				482CF9AE1C9959E500E7F226 /* ViewController */,
			);
			path = Classes;
			sourceTree = "<group>";
		};
		482CF9A51C9959E500E7F226 /* Extension */ = {
			isa = PBXGroup;
			children = (
				482CF9A61C9959E500E7F226 /* MBIBDesignableExtension.swift */,
				48411AB81CA7AA87003B8910 /* ML+UIImageExtension.swift */,
				48411ABA1CA7AC0A003B8910 /* ML+UIViewExtension.swift */,
			);
			path = Extension;
			sourceTree = "<group>";
		};
		482CF9A91C9959E500E7F226 /* View */ = {
			isa = PBXGroup;
			children = (
				482CF9AA1C9959E500E7F226 /* MLImagePickerAssetsCell.swift */,
				482CF9AB1C9959E500E7F226 /* MLImagePickerAssetsCell.xib */,
				482CF9AC1C9959E500E7F226 /* MLImagePickerGroupCell.swift */,
				482CF9AD1C9959E500E7F226 /* MLImagePickerGroupCell.xib */,
			);
			path = View;
			sourceTree = "<group>";
		};
		482CF9AE1C9959E500E7F226 /* ViewController */ = {
			isa = PBXGroup;
			children = (
				48A5267B1CA51C1E00290AB7 /* MLImageBrowserViewController.swift */,
				482CF9AF1C9959E500E7F226 /* MLImagePickerController.swift */,
				48411AAF1CA67C67003B8910 /* MLImagePickerQuickView.swift */,
			);
			path = ViewController;
			sourceTree = "<group>";
		};
		48DA98AF1CA7B834005B9EAE /* Model */ = {
			isa = PBXGroup;
			children = (
				48DA98B01CA7B834005B9EAE /* MLImagePickerAssetsManger.swift */,
			);
			path = Model;
			sourceTree = "<group>";
		};
/* End PBXGroup section */

/* Begin PBXNativeTarget section */
		480C7BFE1C96BD970002831A /* MLImagePickerController */ = {
			isa = PBXNativeTarget;
			buildConfigurationList = 480C7C111C96BD970002831A /* Build configuration list for PBXNativeTarget "MLImagePickerController" */;
			buildPhases = (
				480C7BFB1C96BD970002831A /* Sources */,
				480C7BFC1C96BD970002831A /* Frameworks */,
				480C7BFD1C96BD970002831A /* Resources */,
			);
			buildRules = (
			);
			dependencies = (
			);
			name = MLImagePickerController;
			productName = MLImagePickerController;
			productReference = 480C7BFF1C96BD970002831A /* MLImagePickerController.app */;
			productType = "com.apple.product-type.application";
		};
/* End PBXNativeTarget section */

/* Begin PBXProject section */
		480C7BF71C96BD970002831A /* Project object */ = {
			isa = PBXProject;
			attributes = {
				CLASSPREFIX = ML;
				LastSwiftUpdateCheck = 0710;
				LastUpgradeCheck = 0710;
				ORGANIZATIONNAME = zhanglei;
				TargetAttributes = {
					480C7BFE1C96BD970002831A = {
						CreatedOnToolsVersion = 7.1;
					};
				};
			};
			buildConfigurationList = 480C7BFA1C96BD970002831A /* Build configuration list for PBXProject "MLImagePickerController" */;
			compatibilityVersion = "Xcode 3.2";
			developmentRegion = English;
			hasScannedForEncodings = 0;
			knownRegions = (
				en,
				Base,
			);
			mainGroup = 480C7BF61C96BD970002831A;
			productRefGroup = 480C7C001C96BD970002831A /* Products */;
			projectDirPath = "";
			projectRoot = "";
			targets = (
				480C7BFE1C96BD970002831A /* MLImagePickerController */,
			);
		};
/* End PBXProject section */

/* Begin PBXResourcesBuildPhase section */
		480C7BFD1C96BD970002831A /* Resources */ = {
			isa = PBXResourcesBuildPhase;
			buildActionMask = 2147483647;
			files = (
				482CF9B61C9959E500E7F226 /* MLImagePickerGroupCell.xib in Resources */,
				482CF9B21C9959E500E7F226 /* MLImagePickerController.bundle in Resources */,
				480C7C0D1C96BD970002831A /* LaunchScreen.storyboard in Resources */,
				480C7C0A1C96BD970002831A /* Assets.xcassets in Resources */,
				482CF9B41C9959E500E7F226 /* MLImagePickerAssetsCell.xib in Resources */,
				480C7C081C96BD970002831A /* Main.storyboard in Resources */,
			);
			runOnlyForDeploymentPostprocessing = 0;
		};
/* End PBXResourcesBuildPhase section */

/* Begin PBXSourcesBuildPhase section */
		480C7BFB1C96BD970002831A /* Sources */ = {
			isa = PBXSourcesBuildPhase;
			buildActionMask = 2147483647;
			files = (
				48411AB91CA7AA87003B8910 /* ML+UIImageExtension.swift in Sources */,
				48411ABB1CA7AC0A003B8910 /* ML+UIViewExtension.swift in Sources */,
				482CF9B51C9959E500E7F226 /* MLImagePickerGroupCell.swift in Sources */,
				48DA98B11CA7B834005B9EAE /* MLImagePickerAssetsManger.swift in Sources */,
				48A5267C1CA51C1E00290AB7 /* MLImageBrowserViewController.swift in Sources */,
				48411AB01CA67C67003B8910 /* MLImagePickerQuickView.swift in Sources */,
				480C7C051C96BD970002831A /* ViewController.swift in Sources */,
				482CF9B31C9959E500E7F226 /* MLImagePickerAssetsCell.swift in Sources */,
				480C7C031C96BD970002831A /* AppDelegate.swift in Sources */,
				482CF9B71C9959E500E7F226 /* MLImagePickerController.swift in Sources */,
				482CF9B01C9959E500E7F226 /* MBIBDesignableExtension.swift in Sources */,
			);
			runOnlyForDeploymentPostprocessing = 0;
		};
/* End PBXSourcesBuildPhase section */

/* Begin PBXVariantGroup section */
		480C7C061C96BD970002831A /* Main.storyboard */ = {
			isa = PBXVariantGroup;
			children = (
				480C7C071C96BD970002831A /* Base */,
			);
			name = Main.storyboard;
			sourceTree = "<group>";
		};
		480C7C0B1C96BD970002831A /* LaunchScreen.storyboard */ = {
			isa = PBXVariantGroup;
			children = (
				480C7C0C1C96BD970002831A /* Base */,
			);
			name = LaunchScreen.storyboard;
			sourceTree = "<group>";
		};
/* End PBXVariantGroup section */

/* Begin XCBuildConfiguration section */
		480C7C0F1C96BD970002831A /* Debug */ = {
			isa = XCBuildConfiguration;
			buildSettings = {
				ALWAYS_SEARCH_USER_PATHS = NO;
				CLANG_CXX_LANGUAGE_STANDARD = "gnu++0x";
				CLANG_CXX_LIBRARY = "libc++";
				CLANG_ENABLE_MODULES = YES;
				CLANG_ENABLE_OBJC_ARC = YES;
				CLANG_WARN_BOOL_CONVERSION = YES;
				CLANG_WARN_CONSTANT_CONVERSION = YES;
				CLANG_WARN_DIRECT_OBJC_ISA_USAGE = YES_ERROR;
				CLANG_WARN_EMPTY_BODY = YES;
				CLANG_WARN_ENUM_CONVERSION = YES;
				CLANG_WARN_INT_CONVERSION = YES;
				CLANG_WARN_OBJC_ROOT_CLASS = YES_ERROR;
				CLANG_WARN_UNREACHABLE_CODE = YES;
				CLANG_WARN__DUPLICATE_METHOD_MATCH = YES;
				"CODE_SIGN_IDENTITY[sdk=iphoneos*]" = "iPhone Developer";
				COPY_PHASE_STRIP = NO;
				DEBUG_INFORMATION_FORMAT = dwarf;
				ENABLE_STRICT_OBJC_MSGSEND = YES;
				ENABLE_TESTABILITY = YES;
				GCC_C_LANGUAGE_STANDARD = gnu99;
				GCC_DYNAMIC_NO_PIC = NO;
				GCC_NO_COMMON_BLOCKS = YES;
				GCC_OPTIMIZATION_LEVEL = 0;
				GCC_PREPROCESSOR_DEFINITIONS = (
					"DEBUG=1",
					"$(inherited)",
				);
				GCC_WARN_64_TO_32_BIT_CONVERSION = YES;
				GCC_WARN_ABOUT_RETURN_TYPE = YES_ERROR;
				GCC_WARN_UNDECLARED_SELECTOR = YES;
				GCC_WARN_UNINITIALIZED_AUTOS = YES_AGGRESSIVE;
				GCC_WARN_UNUSED_FUNCTION = YES;
				GCC_WARN_UNUSED_VARIABLE = YES;
				IPHONEOS_DEPLOYMENT_TARGET = 9.1;
				MTL_ENABLE_DEBUG_INFO = YES;
				ONLY_ACTIVE_ARCH = YES;
				SDKROOT = iphoneos;
				SWIFT_OPTIMIZATION_LEVEL = "-Onone";
			};
			name = Debug;
		};
		480C7C101C96BD970002831A /* Release */ = {
			isa = XCBuildConfiguration;
			buildSettings = {
				ALWAYS_SEARCH_USER_PATHS = NO;
				CLANG_CXX_LANGUAGE_STANDARD = "gnu++0x";
				CLANG_CXX_LIBRARY = "libc++";
				CLANG_ENABLE_MODULES = YES;
				CLANG_ENABLE_OBJC_ARC = YES;
				CLANG_WARN_BOOL_CONVERSION = YES;
				CLANG_WARN_CONSTANT_CONVERSION = YES;
				CLANG_WARN_DIRECT_OBJC_ISA_USAGE = YES_ERROR;
				CLANG_WARN_EMPTY_BODY = YES;
				CLANG_WARN_ENUM_CONVERSION = YES;
				CLANG_WARN_INT_CONVERSION = YES;
				CLANG_WARN_OBJC_ROOT_CLASS = YES_ERROR;
				CLANG_WARN_UNREACHABLE_CODE = YES;
				CLANG_WARN__DUPLICATE_METHOD_MATCH = YES;
				"CODE_SIGN_IDENTITY[sdk=iphoneos*]" = "iPhone Developer";
				COPY_PHASE_STRIP = NO;
				DEBUG_INFORMATION_FORMAT = "dwarf-with-dsym";
				ENABLE_NS_ASSERTIONS = NO;
				ENABLE_STRICT_OBJC_MSGSEND = YES;
				GCC_C_LANGUAGE_STANDARD = gnu99;
				GCC_NO_COMMON_BLOCKS = YES;
				GCC_WARN_64_TO_32_BIT_CONVERSION = YES;
				GCC_WARN_ABOUT_RETURN_TYPE = YES_ERROR;
				GCC_WARN_UNDECLARED_SELECTOR = YES;
				GCC_WARN_UNINITIALIZED_AUTOS = YES_AGGRESSIVE;
				GCC_WARN_UNUSED_FUNCTION = YES;
				GCC_WARN_UNUSED_VARIABLE = YES;
				IPHONEOS_DEPLOYMENT_TARGET = 9.1;
				MTL_ENABLE_DEBUG_INFO = NO;
				SDKROOT = iphoneos;
				VALIDATE_PRODUCT = YES;
			};
			name = Release;
		};
		480C7C121C96BD970002831A /* Debug */ = {
			isa = XCBuildConfiguration;
			buildSettings = {
				ASSETCATALOG_COMPILER_APPICON_NAME = AppIcon;
				CODE_SIGN_IDENTITY = "iPhone Developer: 120886865@qq.com (T9N6CMK6E9)";
				INFOPLIST_FILE = MLImagePickerController/Info.plist;
				LD_RUNPATH_SEARCH_PATHS = "$(inherited) @executable_path/Frameworks";
				PRODUCT_BUNDLE_IDENTIFIER = com.lavion.TheAppearance;
				PRODUCT_NAME = "$(TARGET_NAME)";
				PROVISIONING_PROFILE = "9694fb47-d168-4af5-a35f-e7f2769a0af3";
			};
			name = Debug;
		};
		480C7C131C96BD970002831A /* Release */ = {
			isa = XCBuildConfiguration;
			buildSettings = {
				ASSETCATALOG_COMPILER_APPICON_NAME = AppIcon;
				CODE_SIGN_IDENTITY = "iPhone Developer: 120886865@qq.com (T9N6CMK6E9)";
				INFOPLIST_FILE = MLImagePickerController/Info.plist;
				LD_RUNPATH_SEARCH_PATHS = "$(inherited) @executable_path/Frameworks";
				PRODUCT_BUNDLE_IDENTIFIER = com.lavion.TheAppearance;
				PRODUCT_NAME = "$(TARGET_NAME)";
				PROVISIONING_PROFILE = "9694fb47-d168-4af5-a35f-e7f2769a0af3";
			};
			name = Release;
		};
/* End XCBuildConfiguration section */

/* Begin XCConfigurationList section */
		480C7BFA1C96BD970002831A /* Build configuration list for PBXProject "MLImagePickerController" */ = {
			isa = XCConfigurationList;
			buildConfigurations = (
				480C7C0F1C96BD970002831A /* Debug */,
				480C7C101C96BD970002831A /* Release */,
			);
			defaultConfigurationIsVisible = 0;
			defaultConfigurationName = Release;
		};
		480C7C111C96BD970002831A /* Build configuration list for PBXNativeTarget "MLImagePickerController" */ = {
			isa = XCConfigurationList;
			buildConfigurations = (
				480C7C121C96BD970002831A /* Debug */,
				480C7C131C96BD970002831A /* Release */,
			);
			defaultConfigurationIsVisible = 0;
			defaultConfigurationName = Release;
		};
/* End XCConfigurationList section */
	};
	rootObject = 480C7BF71C96BD970002831A /* Project object */;
}
