// !$*UTF8*$!
{
	archiveVersion = 1;
	classes = {
	};
	objectVersion = 46;
	objects = {

/* Begin PBXBuildFile section */
		480C7C031C96BD970002831A /* AppDelegate.swift in Sources */ = {isa = PBXBuildFile; fileRef = 480C7C021C96BD970002831A /* AppDelegate.swift */; };
		480C7C051C96BD970002831A /* ViewController.swift in Sources */ = {isa = PBXBuildFile; fileRef = 480C7C041C96BD970002831A /* ViewController.swift */; };
		480C7C081C96BD970002831A /* Main.storyboard in Resources */ = {isa = PBXBuildFile; fileRef = 480C7C061C96BD970002831A /* Main.storyboard */; };
		480C7C0A1C96BD970002831A /* Assets.xcassets in Resources */ = {isa = PBXBuildFile; fileRef = 480C7C091C96BD970002831A /* Assets.xcassets */; };
		480C7C0D1C96BD970002831A /* LaunchScreen.storyboard in Resources */ = {isa = PBXBuildFile; fileRef = 480C7C0B1C96BD970002831A /* LaunchScreen.storyboard */; };
		480C7C151C96BDFC0002831A /* MLImagePickerController.swift in Sources */ = {isa = PBXBuildFile; fileRef = 480C7C141C96BDFC0002831A /* MLImagePickerController.swift */; };
		4818C6A01C97B9D400C9C6CD /* MLImagePickerAssetsCell.swift in Sources */ = {isa = PBXBuildFile; fileRef = 4818C69E1C97B9D400C9C6CD /* MLImagePickerAssetsCell.swift */; };
		4818C6A11C97B9D400C9C6CD /* MLImagePickerAssetsCell.xib in Resources */ = {isa = PBXBuildFile; fileRef = 4818C69F1C97B9D400C9C6CD /* MLImagePickerAssetsCell.xib */; };
		4818C6A31C97DC6700C9C6CD /* ZLPhotoLib.bundle in Resources */ = {isa = PBXBuildFile; fileRef = 4818C6A21C97DC6700C9C6CD /* ZLPhotoLib.bundle */; };
		4818C6A51C97DCC500C9C6CD /* UIImage+Extension.swift in Sources */ = {isa = PBXBuildFile; fileRef = 4818C6A41C97DCC500C9C6CD /* UIImage+Extension.swift */; };
		4818C6A71C980D1E00C9C6CD /* MLImagePickerGroupCell.swift in Sources */ = {isa = PBXBuildFile; fileRef = 4818C6A61C980D1E00C9C6CD /* MLImagePickerGroupCell.swift */; };
		4818C6A91C980D2800C9C6CD /* MLImagePickerGroupCell.xib in Resources */ = {isa = PBXBuildFile; fileRef = 4818C6A81C980D2800C9C6CD /* MLImagePickerGroupCell.xib */; };
		4818C6AB1C9813AE00C9C6CD /* MBIBDesignableExtension.swift in Sources */ = {isa = PBXBuildFile; fileRef = 4818C6AA1C9813AE00C9C6CD /* MBIBDesignableExtension.swift */; };
/* End PBXBuildFile section */

/* Begin PBXFileReference section */
		480C7BFF1C96BD970002831A /* MLImagePickerController.app */ = {isa = PBXFileReference; explicitFileType = wrapper.application; includeInIndex = 0; path = MLImagePickerController.app; sourceTree = BUILT_PRODUCTS_DIR; };
		480C7C021C96BD970002831A /* AppDelegate.swift */ = {isa = PBXFileReference; lastKnownFileType = sourcecode.swift; path = AppDelegate.swift; sourceTree = "<group>"; };
		480C7C041C96BD970002831A /* ViewController.swift */ = {isa = PBXFileReference; lastKnownFileType = sourcecode.swift; path = ViewController.swift; sourceTree = "<group>"; };
		480C7C071C96BD970002831A /* Base */ = {isa = PBXFileReference; lastKnownFileType = file.storyboard; name = Base; path = Base.lproj/Main.storyboard; sourceTree = "<group>"; };
		480C7C091C96BD970002831A /* Assets.xcassets */ = {isa = PBXFileReference; lastKnownFileType = folder.assetcatalog; path = Assets.xcassets; sourceTree = "<group>"; };
		480C7C0C1C96BD970002831A /* Base */ = {isa = PBXFileReference; lastKnownFileType = file.storyboard; name = Base; path = Base.lproj/LaunchScreen.storyboard; sourceTree = "<group>"; };
		480C7C0E1C96BD970002831A /* Info.plist */ = {isa = PBXFileReference; lastKnownFileType = text.plist.xml; path = Info.plist; sourceTree = "<group>"; };
		480C7C141C96BDFC0002831A /* MLImagePickerController.swift */ = {isa = PBXFileReference; fileEncoding = 4; lastKnownFileType = sourcecode.swift; path = MLImagePickerController.swift; sourceTree = "<group>"; };
		4818C69E1C97B9D400C9C6CD /* MLImagePickerAssetsCell.swift */ = {isa = PBXFileReference; fileEncoding = 4; lastKnownFileType = sourcecode.swift; path = MLImagePickerAssetsCell.swift; sourceTree = "<group>"; };
		4818C69F1C97B9D400C9C6CD /* MLImagePickerAssetsCell.xib */ = {isa = PBXFileReference; fileEncoding = 4; lastKnownFileType = file.xib; path = MLImagePickerAssetsCell.xib; sourceTree = "<group>"; };
		4818C6A21C97DC6700C9C6CD /* ZLPhotoLib.bundle */ = {isa = PBXFileReference; lastKnownFileType = "wrapper.plug-in"; path = ZLPhotoLib.bundle; sourceTree = "<group>"; };
		4818C6A41C97DCC500C9C6CD /* UIImage+Extension.swift */ = {isa = PBXFileReference; fileEncoding = 4; lastKnownFileType = sourcecode.swift; path = "UIImage+Extension.swift"; sourceTree = "<group>"; };
		4818C6A61C980D1E00C9C6CD /* MLImagePickerGroupCell.swift */ = {isa = PBXFileReference; fileEncoding = 4; lastKnownFileType = sourcecode.swift; path = MLImagePickerGroupCell.swift; sourceTree = "<group>"; };
		4818C6A81C980D2800C9C6CD /* MLImagePickerGroupCell.xib */ = {isa = PBXFileReference; fileEncoding = 4; lastKnownFileType = file.xib; path = MLImagePickerGroupCell.xib; sourceTree = "<group>"; };
		4818C6AA1C9813AE00C9C6CD /* MBIBDesignableExtension.swift */ = {isa = PBXFileReference; fileEncoding = 4; lastKnownFileType = sourcecode.swift; path = MBIBDesignableExtension.swift; sourceTree = "<group>"; };
/* End PBXFileReference section */

/* Begin PBXFrameworksBuildPhase section */
		480C7BFC1C96BD970002831A /* Frameworks */ = {
			isa = PBXFrameworksBuildPhase;
			buildActionMask = 2147483647;
			files = (
			);
			runOnlyForDeploymentPostprocessing = 0;
		};
/* End PBXFrameworksBuildPhase section */

/* Begin PBXGroup section */
		480C7BF61C96BD970002831A = {
			isa = PBXGroup;
			children = (
				480C7C011C96BD970002831A /* MLImagePickerController */,
				480C7C001C96BD970002831A /* Products */,
			);
			sourceTree = "<group>";
		};
		480C7C001C96BD970002831A /* Products */ = {
			isa = PBXGroup;
			children = (
				480C7BFF1C96BD970002831A /* MLImagePickerController.app */,
			);
			name = Products;
			sourceTree = "<group>";
		};
		480C7C011C96BD970002831A /* MLImagePickerController */ = {
			isa = PBXGroup;
			children = (
				4818C6AA1C9813AE00C9C6CD /* MBIBDesignableExtension.swift */,
				4818C6A21C97DC6700C9C6CD /* ZLPhotoLib.bundle */,
				480C7C021C96BD970002831A /* AppDelegate.swift */,
				480C7C041C96BD970002831A /* ViewController.swift */,
				480C7C061C96BD970002831A /* Main.storyboard */,
				480C7C091C96BD970002831A /* Assets.xcassets */,
				480C7C0B1C96BD970002831A /* LaunchScreen.storyboard */,
				480C7C0E1C96BD970002831A /* Info.plist */,
				480C7C141C96BDFC0002831A /* MLImagePickerController.swift */,
				4818C69E1C97B9D400C9C6CD /* MLImagePickerAssetsCell.swift */,
				4818C69F1C97B9D400C9C6CD /* MLImagePickerAssetsCell.xib */,
				4818C6A41C97DCC500C9C6CD /* UIImage+Extension.swift */,
				4818C6A61C980D1E00C9C6CD /* MLImagePickerGroupCell.swift */,
				4818C6A81C980D2800C9C6CD /* MLImagePickerGroupCell.xib */,
			);
			path = MLImagePickerController;
			sourceTree = "<group>";
		};
/* End PBXGroup section */

/* Begin PBXNativeTarget section */
		480C7BFE1C96BD970002831A /* MLImagePickerController */ = {
			isa = PBXNativeTarget;
			buildConfigurationList = 480C7C111C96BD970002831A /* Build configuration list for PBXNativeTarget "MLImagePickerController" */;
			buildPhases = (
				480C7BFB1C96BD970002831A /* Sources */,
				480C7BFC1C96BD970002831A /* Frameworks */,
				480C7BFD1C96BD970002831A /* Resources */,
			);
			buildRules = (
			);
			dependencies = (
			);
			name = MLImagePickerController;
			productName = MLImagePickerController;
			productReference = 480C7BFF1C96BD970002831A /* MLImagePickerController.app */;
			productType = "com.apple.product-type.application";
		};
/* End PBXNativeTarget section */

/* Begin PBXProject section */
		480C7BF71C96BD970002831A /* Project object */ = {
			isa = PBXProject;
			attributes = {
				CLASSPREFIX = ML;
				LastSwiftUpdateCheck = 0710;
				LastUpgradeCheck = 0710;
				ORGANIZATIONNAME = zhanglei;
				TargetAttributes = {
					480C7BFE1C96BD970002831A = {
						CreatedOnToolsVersion = 7.1;
					};
				};
			};
			buildConfigurationList = 480C7BFA1C96BD970002831A /* Build configuration list for PBXProject "MLImagePickerController" */;
			compatibilityVersion = "Xcode 3.2";
			developmentRegion = English;
			hasScannedForEncodings = 0;
			knownRegions = (
				en,
				Base,
			);
			mainGroup = 480C7BF61C96BD970002831A;
			productRefGroup = 480C7C001C96BD970002831A /* Products */;
			projectDirPath = "";
			projectRoot = "";
			targets = (
				480C7BFE1C96BD970002831A /* MLImagePickerController */,
			);
		};
/* End PBXProject section */

/* Begin PBXResourcesBuildPhase section */
		480C7BFD1C96BD970002831A /* Resources */ = {
			isa = PBXResourcesBuildPhase;
			buildActionMask = 2147483647;
			files = (
				4818C6A91C980D2800C9C6CD /* MLImagePickerGroupCell.xib in Resources */,
				480C7C0D1C96BD970002831A /* LaunchScreen.storyboard in Resources */,
				4818C6A11C97B9D400C9C6CD /* MLImagePickerAssetsCell.xib in Resources */,
				4818C6A31C97DC6700C9C6CD /* ZLPhotoLib.bundle in Resources */,
				480C7C0A1C96BD970002831A /* Assets.xcassets in Resources */,
				480C7C081C96BD970002831A /* Main.storyboard in Resources */,
			);
			runOnlyForDeploymentPostprocessing = 0;
		};
/* End PBXResourcesBuildPhase section */

/* Begin PBXSourcesBuildPhase section */
		480C7BFB1C96BD970002831A /* Sources */ = {
			isa = PBXSourcesBuildPhase;
			buildActionMask = 2147483647;
			files = (
				4818C6AB1C9813AE00C9C6CD /* MBIBDesignableExtension.swift in Sources */,
				4818C6A71C980D1E00C9C6CD /* MLImagePickerGroupCell.swift in Sources */,
				480C7C151C96BDFC0002831A /* MLImagePickerController.swift in Sources */,
				4818C6A01C97B9D400C9C6CD /* MLImagePickerAssetsCell.swift in Sources */,
				4818C6A51C97DCC500C9C6CD /* UIImage+Extension.swift in Sources */,
				480C7C051C96BD970002831A /* ViewController.swift in Sources */,
				480C7C031C96BD970002831A /* AppDelegate.swift in Sources */,
			);
			runOnlyForDeploymentPostprocessing = 0;
		};
/* End PBXSourcesBuildPhase section */

/* Begin PBXVariantGroup section */
		480C7C061C96BD970002831A /* Main.storyboard */ = {
			isa = PBXVariantGroup;
			children = (
				480C7C071C96BD970002831A /* Base */,
			);
			name = Main.storyboard;
			sourceTree = "<group>";
		};
		480C7C0B1C96BD970002831A /* LaunchScreen.storyboard */ = {
			isa = PBXVariantGroup;
			children = (
				480C7C0C1C96BD970002831A /* Base */,
			);
			name = LaunchScreen.storyboard;
			sourceTree = "<group>";
		};
/* End PBXVariantGroup section */

/* Begin XCBuildConfiguration section */
		480C7C0F1C96BD970002831A /* Debug */ = {
			isa = XCBuildConfiguration;
			buildSettings = {
				ALWAYS_SEARCH_USER_PATHS = NO;
				CLANG_CXX_LANGUAGE_STANDARD = "gnu++0x";
				CLANG_CXX_LIBRARY = "libc++";
				CLANG_ENABLE_MODULES = YES;
				CLANG_ENABLE_OBJC_ARC = YES;
				CLANG_WARN_BOOL_CONVERSION = YES;
				CLANG_WARN_CONSTANT_CONVERSION = YES;
				CLANG_WARN_DIRECT_OBJC_ISA_USAGE = YES_ERROR;
				CLANG_WARN_EMPTY_BODY = YES;
				CLANG_WARN_ENUM_CONVERSION = YES;
				CLANG_WARN_INT_CONVERSION = YES;
				CLANG_WARN_OBJC_ROOT_CLASS = YES_ERROR;
				CLANG_WARN_UNREACHABLE_CODE = YES;
				CLANG_WARN__DUPLICATE_METHOD_MATCH = YES;
				"CODE_SIGN_IDENTITY[sdk=iphoneos*]" = "iPhone Developer";
				COPY_PHASE_STRIP = NO;
				DEBUG_INFORMATION_FORMAT = dwarf;
				ENABLE_STRICT_OBJC_MSGSEND = YES;
				ENABLE_TESTABILITY = YES;
				GCC_C_LANGUAGE_STANDARD = gnu99;
				GCC_DYNAMIC_NO_PIC = NO;
				GCC_NO_COMMON_BLOCKS = YES;
				GCC_OPTIMIZATION_LEVEL = 0;
				GCC_PREPROCESSOR_DEFINITIONS = (
					"DEBUG=1",
					"$(inherited)",
				);
				GCC_WARN_64_TO_32_BIT_CONVERSION = YES;
				GCC_WARN_ABOUT_RETURN_TYPE = YES_ERROR;
				GCC_WARN_UNDECLARED_SELECTOR = YES;
				GCC_WARN_UNINITIALIZED_AUTOS = YES_AGGRESSIVE;
				GCC_WARN_UNUSED_FUNCTION = YES;
				GCC_WARN_UNUSED_VARIABLE = YES;
				IPHONEOS_DEPLOYMENT_TARGET = 9.1;
				MTL_ENABLE_DEBUG_INFO = YES;
				ONLY_ACTIVE_ARCH = YES;
				SDKROOT = iphoneos;
				SWIFT_OPTIMIZATION_LEVEL = "-Onone";
			};
			name = Debug;
		};
		480C7C101C96BD970002831A /* Release */ = {
			isa = XCBuildConfiguration;
			buildSettings = {
				ALWAYS_SEARCH_USER_PATHS = NO;
				CLANG_CXX_LANGUAGE_STANDARD = "gnu++0x";
				CLANG_CXX_LIBRARY = "libc++";
				CLANG_ENABLE_MODULES = YES;
				CLANG_ENABLE_OBJC_ARC = YES;
				CLANG_WARN_BOOL_CONVERSION = YES;
				CLANG_WARN_CONSTANT_CONVERSION = YES;
				CLANG_WARN_DIRECT_OBJC_ISA_USAGE = YES_ERROR;
				CLANG_WARN_EMPTY_BODY = YES;
				CLANG_WARN_ENUM_CONVERSION = YES;
				CLANG_WARN_INT_CONVERSION = YES;
				CLANG_WARN_OBJC_ROOT_CLASS = YES_ERROR;
				CLANG_WARN_UNREACHABLE_CODE = YES;
				CLANG_WARN__DUPLICATE_METHOD_MATCH = YES;
				"CODE_SIGN_IDENTITY[sdk=iphoneos*]" = "iPhone Developer";
				COPY_PHASE_STRIP = NO;
				DEBUG_INFORMATION_FORMAT = "dwarf-with-dsym";
				ENABLE_NS_ASSERTIONS = NO;
				ENABLE_STRICT_OBJC_MSGSEND = YES;
				GCC_C_LANGUAGE_STANDARD = gnu99;
				GCC_NO_COMMON_BLOCKS = YES;
				GCC_WARN_64_TO_32_BIT_CONVERSION = YES;
				GCC_WARN_ABOUT_RETURN_TYPE = YES_ERROR;
				GCC_WARN_UNDECLARED_SELECTOR = YES;
				GCC_WARN_UNINITIALIZED_AUTOS = YES_AGGRESSIVE;
				GCC_WARN_UNUSED_FUNCTION = YES;
				GCC_WARN_UNUSED_VARIABLE = YES;
				IPHONEOS_DEPLOYMENT_TARGET = 9.1;
				MTL_ENABLE_DEBUG_INFO = NO;
				SDKROOT = iphoneos;
				VALIDATE_PRODUCT = YES;
			};
			name = Release;
		};
		480C7C121C96BD970002831A /* Debug */ = {
			isa = XCBuildConfiguration;
			buildSettings = {
				ASSETCATALOG_COMPILER_APPICON_NAME = AppIcon;
				INFOPLIST_FILE = MLImagePickerController/Info.plist;
				LD_RUNPATH_SEARCH_PATHS = "$(inherited) @executable_path/Frameworks";
				PRODUCT_BUNDLE_IDENTIFIER = makezl.github.io.MLImagePickerController;
				PRODUCT_NAME = "$(TARGET_NAME)";
			};
			name = Debug;
		};
		480C7C131C96BD970002831A /* Release */ = {
			isa = XCBuildConfiguration;
			buildSettings = {
				ASSETCATALOG_COMPILER_APPICON_NAME = AppIcon;
				INFOPLIST_FILE = MLImagePickerController/Info.plist;
				LD_RUNPATH_SEARCH_PATHS = "$(inherited) @executable_path/Frameworks";
				PRODUCT_BUNDLE_IDENTIFIER = makezl.github.io.MLImagePickerController;
				PRODUCT_NAME = "$(TARGET_NAME)";
			};
			name = Release;
		};
/* End XCBuildConfiguration section */

/* Begin XCConfigurationList section */
		480C7BFA1C96BD970002831A /* Build configuration list for PBXProject "MLImagePickerController" */ = {
			isa = XCConfigurationList;
			buildConfigurations = (
				480C7C0F1C96BD970002831A /* Debug */,
				480C7C101C96BD970002831A /* Release */,
			);
			defaultConfigurationIsVisible = 0;
			defaultConfigurationName = Release;
		};
		480C7C111C96BD970002831A /* Build configuration list for PBXNativeTarget "MLImagePickerController" */ = {
			isa = XCConfigurationList;
			buildConfigurations = (
				480C7C121C96BD970002831A /* Debug */,
				480C7C131C96BD970002831A /* Release */,
			);
			defaultConfigurationIsVisible = 0;
			defaultConfigurationName = Release;
		};
/* End XCConfigurationList section */
	};
	rootObject = 480C7BF71C96BD970002831A /* Project object */;
}
